// !$*UTF8*$!
{
	archiveVersion = 1;
	classes = {
	};
	objectVersion = 56;
	objects = {

/* Begin PBXBuildFile section */
		262DD0132939C76A0004BC68 /* data in CopyFiles */ = {isa = PBXBuildFile; fileRef = 262DD0122939C7580004BC68 /* data */; };
		2638DD8229387148006198DA /* test in CopyFiles */ = {isa = PBXBuildFile; fileRef = 2638DD8029387130006198DA /* test */; };
		267873D62938227A00638D98 /* main.swift in Sources */ = {isa = PBXBuildFile; fileRef = 267873D52938227A00638D98 /* main.swift */; };
		267873DE2938258000638D98 /* Utils.swift in Sources */ = {isa = PBXBuildFile; fileRef = 267873DC2938258000638D98 /* Utils.swift */; };
		267873DF2938258000638D98 /* Template.swift in Sources */ = {isa = PBXBuildFile; fileRef = 267873DD2938258000638D98 /* Template.swift */; };
		26787401293828A300638D98 /* day17.swift in Sources */ = {isa = PBXBuildFile; fileRef = 267873E8293828A300638D98 /* day17.swift */; };
		26787402293828A300638D98 /* day15.swift in Sources */ = {isa = PBXBuildFile; fileRef = 267873E9293828A300638D98 /* day15.swift */; };
		26787403293828A300638D98 /* day08.swift in Sources */ = {isa = PBXBuildFile; fileRef = 267873EA293828A300638D98 /* day08.swift */; };
		26787404293828A300638D98 /* day11.swift in Sources */ = {isa = PBXBuildFile; fileRef = 267873EB293828A300638D98 /* day11.swift */; };
		26787405293828A300638D98 /* day13.swift in Sources */ = {isa = PBXBuildFile; fileRef = 267873EC293828A300638D98 /* day13.swift */; };
		26787406293828A300638D98 /* day14.swift in Sources */ = {isa = PBXBuildFile; fileRef = 267873ED293828A300638D98 /* day14.swift */; };
		26787407293828A300638D98 /* day16.swift in Sources */ = {isa = PBXBuildFile; fileRef = 267873EE293828A300638D98 /* day16.swift */; };
		26787408293828A300638D98 /* day12.swift in Sources */ = {isa = PBXBuildFile; fileRef = 267873EF293828A300638D98 /* day12.swift */; };
		26787409293828A300638D98 /* day09.swift in Sources */ = {isa = PBXBuildFile; fileRef = 267873F0293828A300638D98 /* day09.swift */; };
		2678740A293828A300638D98 /* day10.swift in Sources */ = {isa = PBXBuildFile; fileRef = 267873F1293828A300638D98 /* day10.swift */; };
		2678740B293828A300638D98 /* day21.swift in Sources */ = {isa = PBXBuildFile; fileRef = 267873F2293828A300638D98 /* day21.swift */; };
		2678740C293828A300638D98 /* day05.swift in Sources */ = {isa = PBXBuildFile; fileRef = 267873F3293828A300638D98 /* day05.swift */; };
		2678740D293828A300638D98 /* day07.swift in Sources */ = {isa = PBXBuildFile; fileRef = 267873F4293828A300638D98 /* day07.swift */; };
		2678740E293828A300638D98 /* day23.swift in Sources */ = {isa = PBXBuildFile; fileRef = 267873F5293828A300638D98 /* day23.swift */; };
		2678740F293828A300638D98 /* day03.swift in Sources */ = {isa = PBXBuildFile; fileRef = 267873F6293828A300638D98 /* day03.swift */; };
		26787410293828A300638D98 /* day01.swift in Sources */ = {isa = PBXBuildFile; fileRef = 267873F7293828A300638D98 /* day01.swift */; };
		26787411293828A300638D98 /* day18.swift in Sources */ = {isa = PBXBuildFile; fileRef = 267873F8293828A300638D98 /* day18.swift */; };
		26787412293828A300638D98 /* day25.swift in Sources */ = {isa = PBXBuildFile; fileRef = 267873F9293828A300638D98 /* day25.swift */; };
		26787413293828A300638D98 /* day06.swift in Sources */ = {isa = PBXBuildFile; fileRef = 267873FA293828A300638D98 /* day06.swift */; };
		26787414293828A300638D98 /* day22.swift in Sources */ = {isa = PBXBuildFile; fileRef = 267873FB293828A300638D98 /* day22.swift */; };
		26787415293828A300638D98 /* day20.swift in Sources */ = {isa = PBXBuildFile; fileRef = 267873FC293828A300638D98 /* day20.swift */; };
		26787416293828A300638D98 /* day04.swift in Sources */ = {isa = PBXBuildFile; fileRef = 267873FD293828A300638D98 /* day04.swift */; };
		26787417293828A300638D98 /* day24.swift in Sources */ = {isa = PBXBuildFile; fileRef = 267873FE293828A300638D98 /* day24.swift */; };
		26787418293828A300638D98 /* day19.swift in Sources */ = {isa = PBXBuildFile; fileRef = 267873FF293828A300638D98 /* day19.swift */; };
		26787419293828A300638D98 /* day02.swift in Sources */ = {isa = PBXBuildFile; fileRef = 26787400293828A300638D98 /* day02.swift */; };
/* End PBXBuildFile section */

/* Begin PBXCopyFilesBuildPhase section */
		267873D02938227A00638D98 /* CopyFiles */ = {
			isa = PBXCopyFilesBuildPhase;
			buildActionMask = 12;
			dstPath = "";
			dstSubfolderSpec = 16;
			files = (
				262DD0132939C76A0004BC68 /* data in CopyFiles */,
				2638DD8229387148006198DA /* test in CopyFiles */,
			);
			runOnlyForDeploymentPostprocessing = 0;
		};
/* End PBXCopyFilesBuildPhase section */

/* Begin PBXFileReference section */
		262DD0122939C7580004BC68 /* data */ = {isa = PBXFileReference; lastKnownFileType = folder; path = data; sourceTree = "<group>"; };
		2638DD8029387130006198DA /* test */ = {isa = PBXFileReference; lastKnownFileType = folder; path = test; sourceTree = "<group>"; };
		267873D22938227A00638D98 /* AoC2022 */ = {isa = PBXFileReference; explicitFileType = "compiled.mach-o.executable"; includeInIndex = 0; path = AoC2022; sourceTree = BUILT_PRODUCTS_DIR; };
		267873D52938227A00638D98 /* main.swift */ = {isa = PBXFileReference; lastKnownFileType = sourcecode.swift; path = main.swift; sourceTree = "<group>"; };
		267873DC2938258000638D98 /* Utils.swift */ = {isa = PBXFileReference; fileEncoding = 4; lastKnownFileType = sourcecode.swift; path = Utils.swift; sourceTree = "<group>"; };
		267873DD2938258000638D98 /* Template.swift */ = {isa = PBXFileReference; fileEncoding = 4; lastKnownFileType = sourcecode.swift; path = Template.swift; sourceTree = "<group>"; };
		267873E8293828A300638D98 /* day17.swift */ = {isa = PBXFileReference; fileEncoding = 4; lastKnownFileType = sourcecode.swift; path = day17.swift; sourceTree = "<group>"; };
		267873E9293828A300638D98 /* day15.swift */ = {isa = PBXFileReference; fileEncoding = 4; lastKnownFileType = sourcecode.swift; path = day15.swift; sourceTree = "<group>"; };
		267873EA293828A300638D98 /* day08.swift */ = {isa = PBXFileReference; fileEncoding = 4; lastKnownFileType = sourcecode.swift; path = day08.swift; sourceTree = "<group>"; };
		267873EB293828A300638D98 /* day11.swift */ = {isa = PBXFileReference; fileEncoding = 4; lastKnownFileType = sourcecode.swift; path = day11.swift; sourceTree = "<group>"; };
		267873EC293828A300638D98 /* day13.swift */ = {isa = PBXFileReference; fileEncoding = 4; lastKnownFileType = sourcecode.swift; path = day13.swift; sourceTree = "<group>"; };
		267873ED293828A300638D98 /* day14.swift */ = {isa = PBXFileReference; fileEncoding = 4; lastKnownFileType = sourcecode.swift; path = day14.swift; sourceTree = "<group>"; };
		267873EE293828A300638D98 /* day16.swift */ = {isa = PBXFileReference; fileEncoding = 4; lastKnownFileType = sourcecode.swift; path = day16.swift; sourceTree = "<group>"; };
		267873EF293828A300638D98 /* day12.swift */ = {isa = PBXFileReference; fileEncoding = 4; lastKnownFileType = sourcecode.swift; path = day12.swift; sourceTree = "<group>"; };
		267873F0293828A300638D98 /* day09.swift */ = {isa = PBXFileReference; fileEncoding = 4; lastKnownFileType = sourcecode.swift; path = day09.swift; sourceTree = "<group>"; };
		267873F1293828A300638D98 /* day10.swift */ = {isa = PBXFileReference; fileEncoding = 4; lastKnownFileType = sourcecode.swift; path = day10.swift; sourceTree = "<group>"; };
		267873F2293828A300638D98 /* day21.swift */ = {isa = PBXFileReference; fileEncoding = 4; lastKnownFileType = sourcecode.swift; path = day21.swift; sourceTree = "<group>"; };
		267873F3293828A300638D98 /* day05.swift */ = {isa = PBXFileReference; fileEncoding = 4; lastKnownFileType = sourcecode.swift; path = day05.swift; sourceTree = "<group>"; };
		267873F4293828A300638D98 /* day07.swift */ = {isa = PBXFileReference; fileEncoding = 4; lastKnownFileType = sourcecode.swift; path = day07.swift; sourceTree = "<group>"; };
		267873F5293828A300638D98 /* day23.swift */ = {isa = PBXFileReference; fileEncoding = 4; lastKnownFileType = sourcecode.swift; path = day23.swift; sourceTree = "<group>"; };
		267873F6293828A300638D98 /* day03.swift */ = {isa = PBXFileReference; fileEncoding = 4; lastKnownFileType = sourcecode.swift; path = day03.swift; sourceTree = "<group>"; };
		267873F7293828A300638D98 /* day01.swift */ = {isa = PBXFileReference; fileEncoding = 4; lastKnownFileType = sourcecode.swift; path = day01.swift; sourceTree = "<group>"; };
		267873F8293828A300638D98 /* day18.swift */ = {isa = PBXFileReference; fileEncoding = 4; lastKnownFileType = sourcecode.swift; path = day18.swift; sourceTree = "<group>"; };
		267873F9293828A300638D98 /* day25.swift */ = {isa = PBXFileReference; fileEncoding = 4; lastKnownFileType = sourcecode.swift; path = day25.swift; sourceTree = "<group>"; };
		267873FA293828A300638D98 /* day06.swift */ = {isa = PBXFileReference; fileEncoding = 4; lastKnownFileType = sourcecode.swift; path = day06.swift; sourceTree = "<group>"; };
		267873FB293828A300638D98 /* day22.swift */ = {isa = PBXFileReference; fileEncoding = 4; lastKnownFileType = sourcecode.swift; path = day22.swift; sourceTree = "<group>"; };
		267873FC293828A300638D98 /* day20.swift */ = {isa = PBXFileReference; fileEncoding = 4; lastKnownFileType = sourcecode.swift; path = day20.swift; sourceTree = "<group>"; };
		267873FD293828A300638D98 /* day04.swift */ = {isa = PBXFileReference; fileEncoding = 4; lastKnownFileType = sourcecode.swift; path = day04.swift; sourceTree = "<group>"; };
		267873FE293828A300638D98 /* day24.swift */ = {isa = PBXFileReference; fileEncoding = 4; lastKnownFileType = sourcecode.swift; path = day24.swift; sourceTree = "<group>"; };
		267873FF293828A300638D98 /* day19.swift */ = {isa = PBXFileReference; fileEncoding = 4; lastKnownFileType = sourcecode.swift; path = day19.swift; sourceTree = "<group>"; };
		26787400293828A300638D98 /* day02.swift */ = {isa = PBXFileReference; fileEncoding = 4; lastKnownFileType = sourcecode.swift; path = day02.swift; sourceTree = "<group>"; };
/* End PBXFileReference section */

/* Begin PBXFrameworksBuildPhase section */
		267873CF2938227A00638D98 /* Frameworks */ = {
			isa = PBXFrameworksBuildPhase;
			buildActionMask = 2147483647;
			files = (
			);
			runOnlyForDeploymentPostprocessing = 0;
		};
/* End PBXFrameworksBuildPhase section */

/* Begin PBXGroup section */
		267873C92938227A00638D98 = {
			isa = PBXGroup;
			children = (
				267873D42938227A00638D98 /* AoC2022 */,
				267873D32938227A00638D98 /* Products */,
			);
			sourceTree = "<group>";
		};
		267873D32938227A00638D98 /* Products */ = {
			isa = PBXGroup;
			children = (
				267873D22938227A00638D98 /* AoC2022 */,
			);
			name = Products;
			sourceTree = "<group>";
		};
		267873D42938227A00638D98 /* AoC2022 */ = {
			isa = PBXGroup;
			children = (
				267873D52938227A00638D98 /* main.swift */,
				267873DD2938258000638D98 /* Template.swift */,
				267873DC2938258000638D98 /* Utils.swift */,
				267873E7293828A300638D98 /* days */,
				2638DD8029387130006198DA /* test */,
				262DD0122939C7580004BC68 /* data */,
			);
			path = AoC2022;
			sourceTree = "<group>";
		};
		267873E7293828A300638D98 /* days */ = {
			isa = PBXGroup;
			children = (
				267873F7293828A300638D98 /* day01.swift */,
				26787400293828A300638D98 /* day02.swift */,
				267873F6293828A300638D98 /* day03.swift */,
				267873FD293828A300638D98 /* day04.swift */,
				267873F3293828A300638D98 /* day05.swift */,
				267873FA293828A300638D98 /* day06.swift */,
				267873F4293828A300638D98 /* day07.swift */,
				267873EA293828A300638D98 /* day08.swift */,
				267873F0293828A300638D98 /* day09.swift */,
				267873F1293828A300638D98 /* day10.swift */,
				267873EB293828A300638D98 /* day11.swift */,
				267873EF293828A300638D98 /* day12.swift */,
				267873EC293828A300638D98 /* day13.swift */,
				267873ED293828A300638D98 /* day14.swift */,
				267873E9293828A300638D98 /* day15.swift */,
				267873EE293828A300638D98 /* day16.swift */,
				267873E8293828A300638D98 /* day17.swift */,
				267873F8293828A300638D98 /* day18.swift */,
				267873FF293828A300638D98 /* day19.swift */,
				267873FC293828A300638D98 /* day20.swift */,
				267873F2293828A300638D98 /* day21.swift */,
				267873FB293828A300638D98 /* day22.swift */,
				267873F5293828A300638D98 /* day23.swift */,
				267873FE293828A300638D98 /* day24.swift */,
				267873F9293828A300638D98 /* day25.swift */,
			);
			path = days;
			sourceTree = "<group>";
		};
/* End PBXGroup section */

/* Begin PBXNativeTarget section */
		267873D12938227A00638D98 /* AoC2022 */ = {
			isa = PBXNativeTarget;
			buildConfigurationList = 267873D92938227A00638D98 /* Build configuration list for PBXNativeTarget "AoC2022" */;
			buildPhases = (
				267873CE2938227A00638D98 /* Sources */,
				267873CF2938227A00638D98 /* Frameworks */,
				267873D02938227A00638D98 /* CopyFiles */,
			);
			buildRules = (
			);
			dependencies = (
			);
			name = AoC2022;
			productName = AoC2022;
			productReference = 267873D22938227A00638D98 /* AoC2022 */;
			productType = "com.apple.product-type.tool";
		};
/* End PBXNativeTarget section */

/* Begin PBXProject section */
		267873CA2938227A00638D98 /* Project object */ = {
			isa = PBXProject;
			attributes = {
				BuildIndependentTargetsInParallel = 1;
				LastSwiftUpdateCheck = 1410;
				LastUpgradeCheck = 1410;
				TargetAttributes = {
					267873D12938227A00638D98 = {
						CreatedOnToolsVersion = 14.1;
					};
				};
			};
			buildConfigurationList = 267873CD2938227A00638D98 /* Build configuration list for PBXProject "AoC2022" */;
			compatibilityVersion = "Xcode 14.0";
			developmentRegion = en;
			hasScannedForEncodings = 0;
			knownRegions = (
				en,
				Base,
			);
			mainGroup = 267873C92938227A00638D98;
			productRefGroup = 267873D32938227A00638D98 /* Products */;
			projectDirPath = "";
			projectRoot = "";
			targets = (
				267873D12938227A00638D98 /* AoC2022 */,
			);
		};
/* End PBXProject section */

/* Begin PBXSourcesBuildPhase section */
		267873CE2938227A00638D98 /* Sources */ = {
			isa = PBXSourcesBuildPhase;
			buildActionMask = 2147483647;
			files = (
				26787405293828A300638D98 /* day13.swift in Sources */,
				26787401293828A300638D98 /* day17.swift in Sources */,
				26787418293828A300638D98 /* day19.swift in Sources */,
				267873DF2938258000638D98 /* Template.swift in Sources */,
				2678740E293828A300638D98 /* day23.swift in Sources */,
				26787404293828A300638D98 /* day11.swift in Sources */,
				2678740A293828A300638D98 /* day10.swift in Sources */,
				26787417293828A300638D98 /* day24.swift in Sources */,
				2678740B293828A300638D98 /* day21.swift in Sources */,
				26787403293828A300638D98 /* day08.swift in Sources */,
				26787409293828A300638D98 /* day09.swift in Sources */,
				26787407293828A300638D98 /* day16.swift in Sources */,
				26787410293828A300638D98 /* day01.swift in Sources */,
				26787412293828A300638D98 /* day25.swift in Sources */,
				267873D62938227A00638D98 /* main.swift in Sources */,
				26787416293828A300638D98 /* day04.swift in Sources */,
				2678740F293828A300638D98 /* day03.swift in Sources */,
				26787415293828A300638D98 /* day20.swift in Sources */,
				26787419293828A300638D98 /* day02.swift in Sources */,
				267873DE2938258000638D98 /* Utils.swift in Sources */,
				2678740D293828A300638D98 /* day07.swift in Sources */,
				26787402293828A300638D98 /* day15.swift in Sources */,
				26787408293828A300638D98 /* day12.swift in Sources */,
				26787413293828A300638D98 /* day06.swift in Sources */,
				26787411293828A300638D98 /* day18.swift in Sources */,
				26787414293828A300638D98 /* day22.swift in Sources */,
				26787406293828A300638D98 /* day14.swift in Sources */,
				2678740C293828A300638D98 /* day05.swift in Sources */,
			);
			runOnlyForDeploymentPostprocessing = 0;
		};
/* End PBXSourcesBuildPhase section */

/* Begin XCBuildConfiguration section */
		267873D72938227A00638D98 /* Debug */ = {
			isa = XCBuildConfiguration;
			buildSettings = {
				ALWAYS_SEARCH_USER_PATHS = NO;
				CLANG_ANALYZER_NONNULL = YES;
				CLANG_ANALYZER_NUMBER_OBJECT_CONVERSION = YES_AGGRESSIVE;
				CLANG_CXX_LANGUAGE_STANDARD = "gnu++20";
				CLANG_ENABLE_MODULES = YES;
				CLANG_ENABLE_OBJC_ARC = YES;
				CLANG_ENABLE_OBJC_WEAK = YES;
				CLANG_WARN_BLOCK_CAPTURE_AUTORELEASING = YES;
				CLANG_WARN_BOOL_CONVERSION = YES;
				CLANG_WARN_COMMA = YES;
				CLANG_WARN_CONSTANT_CONVERSION = YES;
				CLANG_WARN_DEPRECATED_OBJC_IMPLEMENTATIONS = YES;
				CLANG_WARN_DIRECT_OBJC_ISA_USAGE = YES_ERROR;
				CLANG_WARN_DOCUMENTATION_COMMENTS = YES;
				CLANG_WARN_EMPTY_BODY = YES;
				CLANG_WARN_ENUM_CONVERSION = YES;
				CLANG_WARN_INFINITE_RECURSION = YES;
				CLANG_WARN_INT_CONVERSION = YES;
				CLANG_WARN_NON_LITERAL_NULL_CONVERSION = YES;
				CLANG_WARN_OBJC_IMPLICIT_RETAIN_SELF = YES;
				CLANG_WARN_OBJC_LITERAL_CONVERSION = YES;
				CLANG_WARN_OBJC_ROOT_CLASS = YES_ERROR;
				CLANG_WARN_QUOTED_INCLUDE_IN_FRAMEWORK_HEADER = YES;
				CLANG_WARN_RANGE_LOOP_ANALYSIS = YES;
				CLANG_WARN_STRICT_PROTOTYPES = YES;
				CLANG_WARN_SUSPICIOUS_MOVE = YES;
				CLANG_WARN_UNGUARDED_AVAILABILITY = YES_AGGRESSIVE;
				CLANG_WARN_UNREACHABLE_CODE = YES;
				CLANG_WARN__DUPLICATE_METHOD_MATCH = YES;
				COPY_PHASE_STRIP = NO;
				DEBUG_INFORMATION_FORMAT = dwarf;
				ENABLE_STRICT_OBJC_MSGSEND = YES;
				ENABLE_TESTABILITY = YES;
				GCC_C_LANGUAGE_STANDARD = gnu11;
				GCC_DYNAMIC_NO_PIC = NO;
				GCC_NO_COMMON_BLOCKS = YES;
				GCC_OPTIMIZATION_LEVEL = 0;
				GCC_PREPROCESSOR_DEFINITIONS = (
					"DEBUG=1",
					"$(inherited)",
				);
				GCC_WARN_64_TO_32_BIT_CONVERSION = YES;
				GCC_WARN_ABOUT_RETURN_TYPE = YES_ERROR;
				GCC_WARN_UNDECLARED_SELECTOR = YES;
				GCC_WARN_UNINITIALIZED_AUTOS = YES_AGGRESSIVE;
				GCC_WARN_UNUSED_FUNCTION = YES;
				GCC_WARN_UNUSED_VARIABLE = YES;
				MACOSX_DEPLOYMENT_TARGET = 13.0;
				MTL_ENABLE_DEBUG_INFO = INCLUDE_SOURCE;
				MTL_FAST_MATH = YES;
				ONLY_ACTIVE_ARCH = YES;
				SDKROOT = macosx;
				SWIFT_ACTIVE_COMPILATION_CONDITIONS = DEBUG;
				SWIFT_OPTIMIZATION_LEVEL = "-Onone";
			};
			name = Debug;
		};
		267873D82938227A00638D98 /* Release */ = {
			isa = XCBuildConfiguration;
			buildSettings = {
				ALWAYS_SEARCH_USER_PATHS = NO;
				CLANG_ANALYZER_NONNULL = YES;
				CLANG_ANALYZER_NUMBER_OBJECT_CONVERSION = YES_AGGRESSIVE;
				CLANG_CXX_LANGUAGE_STANDARD = "gnu++20";
				CLANG_ENABLE_MODULES = YES;
				CLANG_ENABLE_OBJC_ARC = YES;
				CLANG_ENABLE_OBJC_WEAK = YES;
				CLANG_WARN_BLOCK_CAPTURE_AUTORELEASING = YES;
				CLANG_WARN_BOOL_CONVERSION = YES;
				CLANG_WARN_COMMA = YES;
				CLANG_WARN_CONSTANT_CONVERSION = YES;
				CLANG_WARN_DEPRECATED_OBJC_IMPLEMENTATIONS = YES;
				CLANG_WARN_DIRECT_OBJC_ISA_USAGE = YES_ERROR;
				CLANG_WARN_DOCUMENTATION_COMMENTS = YES;
				CLANG_WARN_EMPTY_BODY = YES;
				CLANG_WARN_ENUM_CONVERSION = YES;
				CLANG_WARN_INFINITE_RECURSION = YES;
				CLANG_WARN_INT_CONVERSION = YES;
				CLANG_WARN_NON_LITERAL_NULL_CONVERSION = YES;
				CLANG_WARN_OBJC_IMPLICIT_RETAIN_SELF = YES;
				CLANG_WARN_OBJC_LITERAL_CONVERSION = YES;
				CLANG_WARN_OBJC_ROOT_CLASS = YES_ERROR;
				CLANG_WARN_QUOTED_INCLUDE_IN_FRAMEWORK_HEADER = YES;
				CLANG_WARN_RANGE_LOOP_ANALYSIS = YES;
				CLANG_WARN_STRICT_PROTOTYPES = YES;
				CLANG_WARN_SUSPICIOUS_MOVE = YES;
				CLANG_WARN_UNGUARDED_AVAILABILITY = YES_AGGRESSIVE;
				CLANG_WARN_UNREACHABLE_CODE = YES;
				CLANG_WARN__DUPLICATE_METHOD_MATCH = YES;
				COPY_PHASE_STRIP = NO;
				DEBUG_INFORMATION_FORMAT = "dwarf-with-dsym";
				ENABLE_NS_ASSERTIONS = NO;
				ENABLE_STRICT_OBJC_MSGSEND = YES;
				GCC_C_LANGUAGE_STANDARD = gnu11;
				GCC_NO_COMMON_BLOCKS = YES;
				GCC_WARN_64_TO_32_BIT_CONVERSION = YES;
				GCC_WARN_ABOUT_RETURN_TYPE = YES_ERROR;
				GCC_WARN_UNDECLARED_SELECTOR = YES;
				GCC_WARN_UNINITIALIZED_AUTOS = YES_AGGRESSIVE;
				GCC_WARN_UNUSED_FUNCTION = YES;
				GCC_WARN_UNUSED_VARIABLE = YES;
				MACOSX_DEPLOYMENT_TARGET = 13.0;
				MTL_ENABLE_DEBUG_INFO = NO;
				MTL_FAST_MATH = YES;
				SDKROOT = macosx;
				SWIFT_COMPILATION_MODE = wholemodule;
				SWIFT_OPTIMIZATION_LEVEL = "-O";
			};
			name = Release;
		};
		267873DA2938227A00638D98 /* Debug */ = {
			isa = XCBuildConfiguration;
			buildSettings = {
				CODE_SIGN_STYLE = Automatic;
				PRODUCT_NAME = "$(TARGET_NAME)";
				SWIFT_VERSION = 5.0;
			};
			name = Debug;
		};
		267873DB2938227A00638D98 /* Release */ = {
			isa = XCBuildConfiguration;
			buildSettings = {
				CODE_SIGN_STYLE = Automatic;
				PRODUCT_NAME = "$(TARGET_NAME)";
				SWIFT_VERSION = 5.0;
			};
			name = Release;
		};
/* End XCBuildConfiguration section */

/* Begin XCConfigurationList section */
		267873CD2938227A00638D98 /* Build configuration list for PBXProject "AoC2022" */ = {
			isa = XCConfigurationList;
			buildConfigurations = (
				267873D72938227A00638D98 /* Debug */,
				267873D82938227A00638D98 /* Release */,
			);
			defaultConfigurationIsVisible = 0;
			defaultConfigurationName = Release;
		};
		267873D92938227A00638D98 /* Build configuration list for PBXNativeTarget "AoC2022" */ = {
			isa = XCConfigurationList;
			buildConfigurations = (
				267873DA2938227A00638D98 /* Debug */,
				267873DB2938227A00638D98 /* Release */,
			);
			defaultConfigurationIsVisible = 0;
			defaultConfigurationName = Release;
		};
/* End XCConfigurationList section */
	};
	rootObject = 267873CA2938227A00638D98 /* Project object */;
}
